// !$*UTF8*$!
{
	archiveVersion = 1;
	classes = {
	};
	objectVersion = 46;
	objects = {

/* Begin PBXBuildFile section */
		C557CC591DFF4EFA000EBA82 /* AppDelegate.swift in Sources */ = {isa = PBXBuildFile; fileRef = C557CC581DFF4EFA000EBA82 /* AppDelegate.swift */; };
		C557CC5B1DFF4EFA000EBA82 /* ViewController.swift in Sources */ = {isa = PBXBuildFile; fileRef = C557CC5A1DFF4EFA000EBA82 /* ViewController.swift */; };
		C557CC5E1DFF4EFA000EBA82 /* Main.storyboard in Resources */ = {isa = PBXBuildFile; fileRef = C557CC5C1DFF4EFA000EBA82 /* Main.storyboard */; };
		C557CC601DFF4EFA000EBA82 /* Assets.xcassets in Resources */ = {isa = PBXBuildFile; fileRef = C557CC5F1DFF4EFA000EBA82 /* Assets.xcassets */; };
		C557CC631DFF4EFA000EBA82 /* LaunchScreen.storyboard in Resources */ = {isa = PBXBuildFile; fileRef = C557CC611DFF4EFA000EBA82 /* LaunchScreen.storyboard */; };
		C557CC6E1DFF4EFA000EBA82 /* beepTests.swift in Sources */ = {isa = PBXBuildFile; fileRef = C557CC6D1DFF4EFA000EBA82 /* beepTests.swift */; };
		C557CC791DFF4EFA000EBA82 /* beepUITests.swift in Sources */ = {isa = PBXBuildFile; fileRef = C557CC781DFF4EFA000EBA82 /* beepUITests.swift */; };
/* End PBXBuildFile section */

/* Begin PBXContainerItemProxy section */
		C557CC6A1DFF4EFA000EBA82 /* PBXContainerItemProxy */ = {
			isa = PBXContainerItemProxy;
			containerPortal = C557CC4D1DFF4EFA000EBA82 /* Project object */;
			proxyType = 1;
			remoteGlobalIDString = C557CC541DFF4EFA000EBA82;
			remoteInfo = beep;
		};
		C557CC751DFF4EFA000EBA82 /* PBXContainerItemProxy */ = {
			isa = PBXContainerItemProxy;
			containerPortal = C557CC4D1DFF4EFA000EBA82 /* Project object */;
			proxyType = 1;
			remoteGlobalIDString = C557CC541DFF4EFA000EBA82;
			remoteInfo = beep;
		};
/* End PBXContainerItemProxy section */

/* Begin PBXFileReference section */
		C557CC551DFF4EFA000EBA82 /* beep.app */ = {isa = PBXFileReference; explicitFileType = wrapper.application; includeInIndex = 0; path = beep.app; sourceTree = BUILT_PRODUCTS_DIR; };
		C557CC581DFF4EFA000EBA82 /* AppDelegate.swift */ = {isa = PBXFileReference; lastKnownFileType = sourcecode.swift; path = AppDelegate.swift; sourceTree = "<group>"; };
		C557CC5A1DFF4EFA000EBA82 /* ViewController.swift */ = {isa = PBXFileReference; lastKnownFileType = sourcecode.swift; path = ViewController.swift; sourceTree = "<group>"; };
		C557CC5D1DFF4EFA000EBA82 /* Base */ = {isa = PBXFileReference; lastKnownFileType = file.storyboard; name = Base; path = Base.lproj/Main.storyboard; sourceTree = "<group>"; };
		C557CC5F1DFF4EFA000EBA82 /* Assets.xcassets */ = {isa = PBXFileReference; lastKnownFileType = folder.assetcatalog; path = Assets.xcassets; sourceTree = "<group>"; };
		C557CC621DFF4EFA000EBA82 /* Base */ = {isa = PBXFileReference; lastKnownFileType = file.storyboard; name = Base; path = Base.lproj/LaunchScreen.storyboard; sourceTree = "<group>"; };
		C557CC641DFF4EFA000EBA82 /* Info.plist */ = {isa = PBXFileReference; lastKnownFileType = text.plist.xml; path = Info.plist; sourceTree = "<group>"; };
		C557CC691DFF4EFA000EBA82 /* beepTests.xctest */ = {isa = PBXFileReference; explicitFileType = wrapper.cfbundle; includeInIndex = 0; path = beepTests.xctest; sourceTree = BUILT_PRODUCTS_DIR; };
		C557CC6D1DFF4EFA000EBA82 /* beepTests.swift */ = {isa = PBXFileReference; lastKnownFileType = sourcecode.swift; path = beepTests.swift; sourceTree = "<group>"; };
		C557CC6F1DFF4EFA000EBA82 /* Info.plist */ = {isa = PBXFileReference; lastKnownFileType = text.plist.xml; path = Info.plist; sourceTree = "<group>"; };
		C557CC741DFF4EFA000EBA82 /* beepUITests.xctest */ = {isa = PBXFileReference; explicitFileType = wrapper.cfbundle; includeInIndex = 0; path = beepUITests.xctest; sourceTree = BUILT_PRODUCTS_DIR; };
		C557CC781DFF4EFA000EBA82 /* beepUITests.swift */ = {isa = PBXFileReference; lastKnownFileType = sourcecode.swift; path = beepUITests.swift; sourceTree = "<group>"; };
		C557CC7A1DFF4EFA000EBA82 /* Info.plist */ = {isa = PBXFileReference; lastKnownFileType = text.plist.xml; path = Info.plist; sourceTree = "<group>"; };
/* End PBXFileReference section */

/* Begin PBXFrameworksBuildPhase section */
		C557CC521DFF4EFA000EBA82 /* Frameworks */ = {
			isa = PBXFrameworksBuildPhase;
			buildActionMask = 2147483647;
			files = (
			);
			runOnlyForDeploymentPostprocessing = 0;
		};
		C557CC661DFF4EFA000EBA82 /* Frameworks */ = {
			isa = PBXFrameworksBuildPhase;
			buildActionMask = 2147483647;
			files = (
			);
			runOnlyForDeploymentPostprocessing = 0;
		};
		C557CC711DFF4EFA000EBA82 /* Frameworks */ = {
			isa = PBXFrameworksBuildPhase;
			buildActionMask = 2147483647;
			files = (
			);
			runOnlyForDeploymentPostprocessing = 0;
		};
/* End PBXFrameworksBuildPhase section */

/* Begin PBXGroup section */
		C557CC4C1DFF4EFA000EBA82 = {
			isa = PBXGroup;
			children = (
				C557CC571DFF4EFA000EBA82 /* beep */,
				C557CC6C1DFF4EFA000EBA82 /* beepTests */,
				C557CC771DFF4EFA000EBA82 /* beepUITests */,
				C557CC561DFF4EFA000EBA82 /* Products */,
			);
			sourceTree = "<group>";
		};
		C557CC561DFF4EFA000EBA82 /* Products */ = {
			isa = PBXGroup;
			children = (
				C557CC551DFF4EFA000EBA82 /* beep.app */,
				C557CC691DFF4EFA000EBA82 /* beepTests.xctest */,
				C557CC741DFF4EFA000EBA82 /* beepUITests.xctest */,
			);
			name = Products;
			sourceTree = "<group>";
		};
		C557CC571DFF4EFA000EBA82 /* beep */ = {
			isa = PBXGroup;
			children = (
				C557CC581DFF4EFA000EBA82 /* AppDelegate.swift */,
				C557CC5A1DFF4EFA000EBA82 /* ViewController.swift */,
				C557CC5C1DFF4EFA000EBA82 /* Main.storyboard */,
				C557CC5F1DFF4EFA000EBA82 /* Assets.xcassets */,
				C557CC611DFF4EFA000EBA82 /* LaunchScreen.storyboard */,
				C557CC641DFF4EFA000EBA82 /* Info.plist */,
			);
			path = beep;
			sourceTree = "<group>";
		};
		C557CC6C1DFF4EFA000EBA82 /* beepTests */ = {
			isa = PBXGroup;
			children = (
				C557CC6D1DFF4EFA000EBA82 /* beepTests.swift */,
				C557CC6F1DFF4EFA000EBA82 /* Info.plist */,
			);
			path = beepTests;
			sourceTree = "<group>";
		};
		C557CC771DFF4EFA000EBA82 /* beepUITests */ = {
			isa = PBXGroup;
			children = (
				C557CC781DFF4EFA000EBA82 /* beepUITests.swift */,
				C557CC7A1DFF4EFA000EBA82 /* Info.plist */,
			);
			path = beepUITests;
			sourceTree = "<group>";
		};
/* End PBXGroup section */

/* Begin PBXNativeTarget section */
		C557CC541DFF4EFA000EBA82 /* beep */ = {
			isa = PBXNativeTarget;
			buildConfigurationList = C557CC7D1DFF4EFA000EBA82 /* Build configuration list for PBXNativeTarget "beep" */;
			buildPhases = (
				C557CC511DFF4EFA000EBA82 /* Sources */,
				C557CC521DFF4EFA000EBA82 /* Frameworks */,
				C557CC531DFF4EFA000EBA82 /* Resources */,
			);
			buildRules = (
			);
			dependencies = (
			);
			name = beep;
			productName = beep;
			productReference = C557CC551DFF4EFA000EBA82 /* beep.app */;
			productType = "com.apple.product-type.application";
		};
		C557CC681DFF4EFA000EBA82 /* beepTests */ = {
			isa = PBXNativeTarget;
			buildConfigurationList = C557CC801DFF4EFA000EBA82 /* Build configuration list for PBXNativeTarget "beepTests" */;
			buildPhases = (
				C557CC651DFF4EFA000EBA82 /* Sources */,
				C557CC661DFF4EFA000EBA82 /* Frameworks */,
				C557CC671DFF4EFA000EBA82 /* Resources */,
			);
			buildRules = (
			);
			dependencies = (
				C557CC6B1DFF4EFA000EBA82 /* PBXTargetDependency */,
			);
			name = beepTests;
			productName = beepTests;
			productReference = C557CC691DFF4EFA000EBA82 /* beepTests.xctest */;
			productType = "com.apple.product-type.bundle.unit-test";
		};
		C557CC731DFF4EFA000EBA82 /* beepUITests */ = {
			isa = PBXNativeTarget;
			buildConfigurationList = C557CC831DFF4EFA000EBA82 /* Build configuration list for PBXNativeTarget "beepUITests" */;
			buildPhases = (
				C557CC701DFF4EFA000EBA82 /* Sources */,
				C557CC711DFF4EFA000EBA82 /* Frameworks */,
				C557CC721DFF4EFA000EBA82 /* Resources */,
			);
			buildRules = (
			);
			dependencies = (
				C557CC761DFF4EFA000EBA82 /* PBXTargetDependency */,
			);
			name = beepUITests;
			productName = beepUITests;
			productReference = C557CC741DFF4EFA000EBA82 /* beepUITests.xctest */;
			productType = "com.apple.product-type.bundle.ui-testing";
		};
/* End PBXNativeTarget section */

/* Begin PBXProject section */
		C557CC4D1DFF4EFA000EBA82 /* Project object */ = {
			isa = PBXProject;
			attributes = {
				LastSwiftUpdateCheck = 0810;
				LastUpgradeCheck = 0810;
				ORGANIZATIONNAME = Peast;
				TargetAttributes = {
					C557CC541DFF4EFA000EBA82 = {
						CreatedOnToolsVersion = 8.1;
						ProvisioningStyle = Automatic;
					};
					C557CC681DFF4EFA000EBA82 = {
						CreatedOnToolsVersion = 8.1;
						ProvisioningStyle = Automatic;
						TestTargetID = C557CC541DFF4EFA000EBA82;
					};
					C557CC731DFF4EFA000EBA82 = {
						CreatedOnToolsVersion = 8.1;
						ProvisioningStyle = Automatic;
						TestTargetID = C557CC541DFF4EFA000EBA82;
					};
				};
			};
			buildConfigurationList = C557CC501DFF4EFA000EBA82 /* Build configuration list for PBXProject "beep" */;
			compatibilityVersion = "Xcode 3.2";
			developmentRegion = English;
			hasScannedForEncodings = 0;
			knownRegions = (
				en,
				Base,
			);
			mainGroup = C557CC4C1DFF4EFA000EBA82;
			productRefGroup = C557CC561DFF4EFA000EBA82 /* Products */;
			projectDirPath = "";
			projectRoot = "";
			targets = (
				C557CC541DFF4EFA000EBA82 /* beep */,
				C557CC681DFF4EFA000EBA82 /* beepTests */,
				C557CC731DFF4EFA000EBA82 /* beepUITests */,
			);
		};
/* End PBXProject section */

/* Begin PBXResourcesBuildPhase section */
		C557CC531DFF4EFA000EBA82 /* Resources */ = {
			isa = PBXResourcesBuildPhase;
			buildActionMask = 2147483647;
			files = (
				C557CC631DFF4EFA000EBA82 /* LaunchScreen.storyboard in Resources */,
				C557CC601DFF4EFA000EBA82 /* Assets.xcassets in Resources */,
				C557CC5E1DFF4EFA000EBA82 /* Main.storyboard in Resources */,
			);
			runOnlyForDeploymentPostprocessing = 0;
		};
		C557CC671DFF4EFA000EBA82 /* Resources */ = {
			isa = PBXResourcesBuildPhase;
			buildActionMask = 2147483647;
			files = (
			);
			runOnlyForDeploymentPostprocessing = 0;
		};
		C557CC721DFF4EFA000EBA82 /* Resources */ = {
			isa = PBXResourcesBuildPhase;
			buildActionMask = 2147483647;
			files = (
			);
			runOnlyForDeploymentPostprocessing = 0;
		};
/* End PBXResourcesBuildPhase section */

/* Begin PBXSourcesBuildPhase section */
		C557CC511DFF4EFA000EBA82 /* Sources */ = {
			isa = PBXSourcesBuildPhase;
			buildActionMask = 2147483647;
			files = (
				C557CC5B1DFF4EFA000EBA82 /* ViewController.swift in Sources */,
				C557CC591DFF4EFA000EBA82 /* AppDelegate.swift in Sources */,
			);
			runOnlyForDeploymentPostprocessing = 0;
		};
		C557CC651DFF4EFA000EBA82 /* Sources */ = {
			isa = PBXSourcesBuildPhase;
			buildActionMask = 2147483647;
			files = (
				C557CC6E1DFF4EFA000EBA82 /* beepTests.swift in Sources */,
			);
			runOnlyForDeploymentPostprocessing = 0;
		};
		C557CC701DFF4EFA000EBA82 /* Sources */ = {
			isa = PBXSourcesBuildPhase;
			buildActionMask = 2147483647;
			files = (
				C557CC791DFF4EFA000EBA82 /* beepUITests.swift in Sources */,
			);
			runOnlyForDeploymentPostprocessing = 0;
		};
/* End PBXSourcesBuildPhase section */

/* Begin PBXTargetDependency section */
		C557CC6B1DFF4EFA000EBA82 /* PBXTargetDependency */ = {
			isa = PBXTargetDependency;
			target = C557CC541DFF4EFA000EBA82 /* beep */;
			targetProxy = C557CC6A1DFF4EFA000EBA82 /* PBXContainerItemProxy */;
		};
		C557CC761DFF4EFA000EBA82 /* PBXTargetDependency */ = {
			isa = PBXTargetDependency;
			target = C557CC541DFF4EFA000EBA82 /* beep */;
			targetProxy = C557CC751DFF4EFA000EBA82 /* PBXContainerItemProxy */;
		};
/* End PBXTargetDependency section */

/* Begin PBXVariantGroup section */
		C557CC5C1DFF4EFA000EBA82 /* Main.storyboard */ = {
			isa = PBXVariantGroup;
			children = (
				C557CC5D1DFF4EFA000EBA82 /* Base */,
			);
			name = Main.storyboard;
			sourceTree = "<group>";
		};
		C557CC611DFF4EFA000EBA82 /* LaunchScreen.storyboard */ = {
			isa = PBXVariantGroup;
			children = (
				C557CC621DFF4EFA000EBA82 /* Base */,
			);
			name = LaunchScreen.storyboard;
			sourceTree = "<group>";
		};
/* End PBXVariantGroup section */

/* Begin XCBuildConfiguration section */
		C557CC7B1DFF4EFA000EBA82 /* Debug */ = {
			isa = XCBuildConfiguration;
			buildSettings = {
				ALWAYS_SEARCH_USER_PATHS = NO;
				CLANG_ANALYZER_NONNULL = YES;
				CLANG_CXX_LANGUAGE_STANDARD = "gnu++0x";
				CLANG_CXX_LIBRARY = "libc++";
				CLANG_ENABLE_MODULES = YES;
				CLANG_ENABLE_OBJC_ARC = YES;
				CLANG_WARN_BOOL_CONVERSION = YES;
				CLANG_WARN_CONSTANT_CONVERSION = YES;
				CLANG_WARN_DIRECT_OBJC_ISA_USAGE = YES_ERROR;
				CLANG_WARN_DOCUMENTATION_COMMENTS = YES;
				CLANG_WARN_EMPTY_BODY = YES;
				CLANG_WARN_ENUM_CONVERSION = YES;
				CLANG_WARN_INFINITE_RECURSION = YES;
				CLANG_WARN_INT_CONVERSION = YES;
				CLANG_WARN_OBJC_ROOT_CLASS = YES_ERROR;
				CLANG_WARN_SUSPICIOUS_MOVES = YES;
				CLANG_WARN_UNREACHABLE_CODE = YES;
				CLANG_WARN__DUPLICATE_METHOD_MATCH = YES;
				"CODE_SIGN_IDENTITY[sdk=iphoneos*]" = "iPhone Developer";
				COPY_PHASE_STRIP = NO;
				DEBUG_INFORMATION_FORMAT = dwarf;
				ENABLE_STRICT_OBJC_MSGSEND = YES;
				ENABLE_TESTABILITY = YES;
				GCC_C_LANGUAGE_STANDARD = gnu99;
				GCC_DYNAMIC_NO_PIC = NO;
				GCC_NO_COMMON_BLOCKS = YES;
				GCC_OPTIMIZATION_LEVEL = 0;
				GCC_PREPROCESSOR_DEFINITIONS = (
					"DEBUG=1",
					"$(inherited)",
				);
				GCC_WARN_64_TO_32_BIT_CONVERSION = YES;
				GCC_WARN_ABOUT_RETURN_TYPE = YES_ERROR;
				GCC_WARN_UNDECLARED_SELECTOR = YES;
				GCC_WARN_UNINITIALIZED_AUTOS = YES_AGGRESSIVE;
				GCC_WARN_UNUSED_FUNCTION = YES;
				GCC_WARN_UNUSED_VARIABLE = YES;
				IPHONEOS_DEPLOYMENT_TARGET = 10.1;
				MTL_ENABLE_DEBUG_INFO = YES;
				ONLY_ACTIVE_ARCH = YES;
				SDKROOT = iphoneos;
				SWIFT_ACTIVE_COMPILATION_CONDITIONS = DEBUG;
				SWIFT_OPTIMIZATION_LEVEL = "-Onone";
			};
			name = Debug;
		};
		C557CC7C1DFF4EFA000EBA82 /* Release */ = {
			isa = XCBuildConfiguration;
			buildSettings = {
				ALWAYS_SEARCH_USER_PATHS = NO;
				CLANG_ANALYZER_NONNULL = YES;
				CLANG_CXX_LANGUAGE_STANDARD = "gnu++0x";
				CLANG_CXX_LIBRARY = "libc++";
				CLANG_ENABLE_MODULES = YES;
				CLANG_ENABLE_OBJC_ARC = YES;
				CLANG_WARN_BOOL_CONVERSION = YES;
				CLANG_WARN_CONSTANT_CONVERSION = YES;
				CLANG_WARN_DIRECT_OBJC_ISA_USAGE = YES_ERROR;
				CLANG_WARN_DOCUMENTATION_COMMENTS = YES;
				CLANG_WARN_EMPTY_BODY = YES;
				CLANG_WARN_ENUM_CONVERSION = YES;
				CLANG_WARN_INFINITE_RECURSION = YES;
				CLANG_WARN_INT_CONVERSION = YES;
				CLANG_WARN_OBJC_ROOT_CLASS = YES_ERROR;
				CLANG_WARN_SUSPICIOUS_MOVES = YES;
				CLANG_WARN_UNREACHABLE_CODE = YES;
				CLANG_WARN__DUPLICATE_METHOD_MATCH = YES;
				"CODE_SIGN_IDENTITY[sdk=iphoneos*]" = "iPhone Developer";
				COPY_PHASE_STRIP = NO;
				DEBUG_INFORMATION_FORMAT = "dwarf-with-dsym";
				ENABLE_NS_ASSERTIONS = NO;
				ENABLE_STRICT_OBJC_MSGSEND = YES;
				GCC_C_LANGUAGE_STANDARD = gnu99;
				GCC_NO_COMMON_BLOCKS = YES;
				GCC_WARN_64_TO_32_BIT_CONVERSION = YES;
				GCC_WARN_ABOUT_RETURN_TYPE = YES_ERROR;
				GCC_WARN_UNDECLARED_SELECTOR = YES;
				GCC_WARN_UNINITIALIZED_AUTOS = YES_AGGRESSIVE;
				GCC_WARN_UNUSED_FUNCTION = YES;
				GCC_WARN_UNUSED_VARIABLE = YES;
				IPHONEOS_DEPLOYMENT_TARGET = 10.1;
				MTL_ENABLE_DEBUG_INFO = NO;
				SDKROOT = iphoneos;
				SWIFT_OPTIMIZATION_LEVEL = "-Owholemodule";
				VALIDATE_PRODUCT = YES;
			};
			name = Release;
		};
		C557CC7E1DFF4EFA000EBA82 /* Debug */ = {
			isa = XCBuildConfiguration;
			buildSettings = {
				ASSETCATALOG_COMPILER_APPICON_NAME = AppIcon;
				INFOPLIST_FILE = beep/Info.plist;
				LD_RUNPATH_SEARCH_PATHS = "$(inherited) @executable_path/Frameworks";
				PRODUCT_BUNDLE_IDENTIFIER = xyz.peast.beep;
				PRODUCT_NAME = "$(TARGET_NAME)";
				SWIFT_VERSION = 3.0;
			};
			name = Debug;
		};
		C557CC7F1DFF4EFA000EBA82 /* Release */ = {
			isa = XCBuildConfiguration;
			buildSettings = {
				ASSETCATALOG_COMPILER_APPICON_NAME = AppIcon;
				INFOPLIST_FILE = beep/Info.plist;
				LD_RUNPATH_SEARCH_PATHS = "$(inherited) @executable_path/Frameworks";
				PRODUCT_BUNDLE_IDENTIFIER = xyz.peast.beep;
				PRODUCT_NAME = "$(TARGET_NAME)";
				SWIFT_VERSION = 3.0;
			};
			name = Release;
		};
		C557CC811DFF4EFA000EBA82 /* Debug */ = {
			isa = XCBuildConfiguration;
			buildSettings = {
				ALWAYS_EMBED_SWIFT_STANDARD_LIBRARIES = YES;
				BUNDLE_LOADER = "$(TEST_HOST)";
				INFOPLIST_FILE = beepTests/Info.plist;
				LD_RUNPATH_SEARCH_PATHS = "$(inherited) @executable_path/Frameworks @loader_path/Frameworks";
				PRODUCT_BUNDLE_IDENTIFIER = xyz.peast.beepTests;
				PRODUCT_NAME = "$(TARGET_NAME)";
				SWIFT_VERSION = 3.0;
				TEST_HOST = "$(BUILT_PRODUCTS_DIR)/beep.app/beep";
			};
			name = Debug;
		};
		C557CC821DFF4EFA000EBA82 /* Release */ = {
			isa = XCBuildConfiguration;
			buildSettings = {
				ALWAYS_EMBED_SWIFT_STANDARD_LIBRARIES = YES;
				BUNDLE_LOADER = "$(TEST_HOST)";
				INFOPLIST_FILE = beepTests/Info.plist;
				LD_RUNPATH_SEARCH_PATHS = "$(inherited) @executable_path/Frameworks @loader_path/Frameworks";
				PRODUCT_BUNDLE_IDENTIFIER = xyz.peast.beepTests;
				PRODUCT_NAME = "$(TARGET_NAME)";
				SWIFT_VERSION = 3.0;
				TEST_HOST = "$(BUILT_PRODUCTS_DIR)/beep.app/beep";
			};
			name = Release;
		};
		C557CC841DFF4EFA000EBA82 /* Debug */ = {
			isa = XCBuildConfiguration;
			buildSettings = {
				ALWAYS_EMBED_SWIFT_STANDARD_LIBRARIES = YES;
				INFOPLIST_FILE = beepUITests/Info.plist;
				LD_RUNPATH_SEARCH_PATHS = "$(inherited) @executable_path/Frameworks @loader_path/Frameworks";
				PRODUCT_BUNDLE_IDENTIFIER = xyz.peast.beepUITests;
				PRODUCT_NAME = "$(TARGET_NAME)";
				SWIFT_VERSION = 3.0;
				TEST_TARGET_NAME = beep;
			};
			name = Debug;
		};
		C557CC851DFF4EFA000EBA82 /* Release */ = {
			isa = XCBuildConfiguration;
			buildSettings = {
				ALWAYS_EMBED_SWIFT_STANDARD_LIBRARIES = YES;
				INFOPLIST_FILE = beepUITests/Info.plist;
				LD_RUNPATH_SEARCH_PATHS = "$(inherited) @executable_path/Frameworks @loader_path/Frameworks";
				PRODUCT_BUNDLE_IDENTIFIER = xyz.peast.beepUITests;
				PRODUCT_NAME = "$(TARGET_NAME)";
				SWIFT_VERSION = 3.0;
				TEST_TARGET_NAME = beep;
			};
			name = Release;
		};
/* End XCBuildConfiguration section */

/* Begin XCConfigurationList section */
		C557CC501DFF4EFA000EBA82 /* Build configuration list for PBXProject "beep" */ = {
			isa = XCConfigurationList;
			buildConfigurations = (
				C557CC7B1DFF4EFA000EBA82 /* Debug */,
				C557CC7C1DFF4EFA000EBA82 /* Release */,
			);
			defaultConfigurationIsVisible = 0;
			defaultConfigurationName = Release;
		};
		C557CC7D1DFF4EFA000EBA82 /* Build configuration list for PBXNativeTarget "beep" */ = {
			isa = XCConfigurationList;
			buildConfigurations = (
				C557CC7E1DFF4EFA000EBA82 /* Debug */,
				C557CC7F1DFF4EFA000EBA82 /* Release */,
			);
			defaultConfigurationIsVisible = 0;
		};
		C557CC801DFF4EFA000EBA82 /* Build configuration list for PBXNativeTarget "beepTests" */ = {
			isa = XCConfigurationList;
			buildConfigurations = (
				C557CC811DFF4EFA000EBA82 /* Debug */,
				C557CC821DFF4EFA000EBA82 /* Release */,
			);
			defaultConfigurationIsVisible = 0;
		};
		C557CC831DFF4EFA000EBA82 /* Build configuration list for PBXNativeTarget "beepUITests" */ = {
			isa = XCConfigurationList;
			buildConfigurations = (
				C557CC841DFF4EFA000EBA82 /* Debug */,
				C557CC851DFF4EFA000EBA82 /* Release */,
			);
			defaultConfigurationIsVisible = 0;
		};
/* End XCConfigurationList section */
	};
	rootObject = C557CC4D1DFF4EFA000EBA82 /* Project object */;
}
